
Microsoft Visual Studio Solution File, Format Version 12.00
# Visual Studio Version 16
VisualStudioVersion = 16.0.31025.194
MinimumVisualStudioVersion = 10.0.40219.1
Project("{FAE04EC0-301F-11D3-BF4B-00C04F79EFBC}") = "Coreidentity", "Coreidentity\Coreidentity.csproj", "{138EF896-0A87-409F-AB3A-46F8FBC2991D}"
EndProject
Global
	GlobalSection(SolutionConfigurationPlatforms) = preSolution
		Debug|Any CPU = Debug|Any CPU
		Release|Any CPU = Release|Any CPU
	EndGlobalSection
	GlobalSection(ProjectConfigurationPlatforms) = postSolution
		{138EF896-0A87-409F-AB3A-46F8FBC2991D}.Debug|Any CPU.ActiveCfg = Debug|Any CPU
		{138EF896-0A87-409F-AB3A-46F8FBC2991D}.Debug|Any CPU.Build.0 = Debug|Any CPU
		{138EF896-0A87-409F-AB3A-46F8FBC2991D}.Release|Any CPU.ActiveCfg = Release|Any CPU
		{138EF896-0A87-409F-AB3A-46F8FBC2991D}.Release|Any CPU.Build.0 = Release|Any CPU
	EndGlobalSection
	GlobalSection(SolutionProperties) = preSolution
		HideSolutionNode = FALSE
	EndGlobalSection
	GlobalSection(ExtensibilityGlobals) = postSolution
		SolutionGuid = {42E495E3-9FF3-4199-A640-0DC51BAC40C9}
	EndGlobalSection
EndGlobal
